
Microsoft Visual Studio Solution File, Format Version 12.00
# Visual Studio Version 16
VisualStudioVersion = 16.0.29503.13
MinimumVisualStudioVersion = 10.0.40219.1
Project("{9A19103F-16F7-4668-BE54-9A1E7A4F7556}") = "ArcBuildings.WebService", "ArcBuildings.WebService\ArcBuildings.WebService.csproj", "{1B2932E3-BCEF-4F39-A90F-A75F567AA582}"
EndProject
Project("{9A19103F-16F7-4668-BE54-9A1E7A4F7556}") = "ArcBuildings.WebService.Tests", "ArcBuildings.WebService.Tests\ArcBuildings.WebService.Tests.csproj", "{9AC2B6C9-FA4E-46B0-97DE-4BAB8A6E91CA}"
EndProject
Global
	GlobalSection(SolutionConfigurationPlatforms) = preSolution
		Debug|Any CPU = Debug|Any CPU
		Release|Any CPU = Release|Any CPU
	EndGlobalSection
	GlobalSection(ProjectConfigurationPlatforms) = postSolution
		{1B2932E3-BCEF-4F39-A90F-A75F567AA582}.Debug|Any CPU.ActiveCfg = Debug|Any CPU
		{1B2932E3-BCEF-4F39-A90F-A75F567AA582}.Debug|Any CPU.Build.0 = Debug|Any CPU
		{1B2932E3-BCEF-4F39-A90F-A75F567AA582}.Release|Any CPU.ActiveCfg = Release|Any CPU
		{1B2932E3-BCEF-4F39-A90F-A75F567AA582}.Release|Any CPU.Build.0 = Release|Any CPU
		{9AC2B6C9-FA4E-46B0-97DE-4BAB8A6E91CA}.Debug|Any CPU.ActiveCfg = Debug|Any CPU
		{9AC2B6C9-FA4E-46B0-97DE-4BAB8A6E91CA}.Debug|Any CPU.Build.0 = Debug|Any CPU
		{9AC2B6C9-FA4E-46B0-97DE-4BAB8A6E91CA}.Release|Any CPU.ActiveCfg = Release|Any CPU
		{9AC2B6C9-FA4E-46B0-97DE-4BAB8A6E91CA}.Release|Any CPU.Build.0 = Release|Any CPU
	EndGlobalSection
	GlobalSection(SolutionProperties) = preSolution
		HideSolutionNode = FALSE
	EndGlobalSection
	GlobalSection(ExtensibilityGlobals) = postSolution
		SolutionGuid = {7AC88D85-5064-4EE3-8AA3-97D2B18BE8AC}
	EndGlobalSection
EndGlobal
